
Microsoft Visual Studio Solution File, Format Version 12.00
# Visual Studio Version 17
VisualStudioVersion = 17.7.34024.191
MinimumVisualStudioVersion = 10.0.40219.1
Project("{FAE04EC0-301F-11D3-BF4B-00C04F79EFBC}") = "Populating Next Right Pointers in Each Node", "Populating Next Right Pointers in Each Node\Populating Next Right Pointers in Each Node.csproj", "{1CAB445A-C661-4E5C-99CA-6790D17D697B}"
EndProject
Global
	GlobalSection(SolutionConfigurationPlatforms) = preSolution
		Debug|Any CPU = Debug|Any CPU
		Release|Any CPU = Release|Any CPU
	EndGlobalSection
	GlobalSection(ProjectConfigurationPlatforms) = postSolution
		{1CAB445A-C661-4E5C-99CA-6790D17D697B}.Debug|Any CPU.ActiveCfg = Debug|Any CPU
		{1CAB445A-C661-4E5C-99CA-6790D17D697B}.Debug|Any CPU.Build.0 = Debug|Any CPU
		{1CAB445A-C661-4E5C-99CA-6790D17D697B}.Release|Any CPU.ActiveCfg = Release|Any CPU
		{1CAB445A-C661-4E5C-99CA-6790D17D697B}.Release|Any CPU.Build.0 = Release|Any CPU
	EndGlobalSection
	GlobalSection(SolutionProperties) = preSolution
		HideSolutionNode = FALSE
	EndGlobalSection
	GlobalSection(ExtensibilityGlobals) = postSolution
		SolutionGuid = {6A18824C-1E65-41AC-9F9B-17CBFAFF5370}
	EndGlobalSection
EndGlobal
