
Microsoft Visual Studio Solution File, Format Version 12.00
# Visual Studio Version 16
VisualStudioVersion = 25.0.1706.9
MinimumVisualStudioVersion = 10.0.40219.1
Project("{FAE04EC0-301F-11D3-BF4B-00C04F79EFBC}") = "Closest Node to Path in Tree", "Closest Node to Path in Tree\Closest Node to Path in Tree.csproj", "{5919AF6B-5939-40F5-85E8-95C1B0B43BD5}"
EndProject
Global
	GlobalSection(SolutionConfigurationPlatforms) = preSolution
		Debug|Any CPU = Debug|Any CPU
		Release|Any CPU = Release|Any CPU
	EndGlobalSection
	GlobalSection(ProjectConfigurationPlatforms) = postSolution
		{5919AF6B-5939-40F5-85E8-95C1B0B43BD5}.Debug|Any CPU.ActiveCfg = Debug|Any CPU
		{5919AF6B-5939-40F5-85E8-95C1B0B43BD5}.Debug|Any CPU.Build.0 = Debug|Any CPU
		{5919AF6B-5939-40F5-85E8-95C1B0B43BD5}.Release|Any CPU.ActiveCfg = Release|Any CPU
		{5919AF6B-5939-40F5-85E8-95C1B0B43BD5}.Release|Any CPU.Build.0 = Release|Any CPU
	EndGlobalSection
	GlobalSection(SolutionProperties) = preSolution
		HideSolutionNode = FALSE
	EndGlobalSection
	GlobalSection(ExtensibilityGlobals) = postSolution
		SolutionGuid = {17EE2252-25BA-4A1A-9C59-279AFFADAC5C}
	EndGlobalSection
EndGlobal
