
Microsoft Visual Studio Solution File, Format Version 12.00
# Visual Studio Version 16
VisualStudioVersion = 25.0.1706.9
MinimumVisualStudioVersion = 10.0.40219.1
Project("{FAE04EC0-301F-11D3-BF4B-00C04F79EFBC}") = "Binary Tree Level Order Traversal II", "Binary Tree Level Order Traversal II\Binary Tree Level Order Traversal II.csproj", "{436CB4AB-506D-4A8F-9084-3C27CE67E5BB}"
EndProject
Global
	GlobalSection(SolutionConfigurationPlatforms) = preSolution
		Debug|Any CPU = Debug|Any CPU
		Release|Any CPU = Release|Any CPU
	EndGlobalSection
	GlobalSection(ProjectConfigurationPlatforms) = postSolution
		{436CB4AB-506D-4A8F-9084-3C27CE67E5BB}.Debug|Any CPU.ActiveCfg = Debug|Any CPU
		{436CB4AB-506D-4A8F-9084-3C27CE67E5BB}.Debug|Any CPU.Build.0 = Debug|Any CPU
		{436CB4AB-506D-4A8F-9084-3C27CE67E5BB}.Release|Any CPU.ActiveCfg = Release|Any CPU
		{436CB4AB-506D-4A8F-9084-3C27CE67E5BB}.Release|Any CPU.Build.0 = Release|Any CPU
	EndGlobalSection
	GlobalSection(SolutionProperties) = preSolution
		HideSolutionNode = FALSE
	EndGlobalSection
	GlobalSection(ExtensibilityGlobals) = postSolution
		SolutionGuid = {38AD475B-D52E-4292-AE13-E16EBA587BD8}
	EndGlobalSection
EndGlobal
