
Microsoft Visual Studio Solution File, Format Version 12.00
# Visual Studio Version 16
VisualStudioVersion = 25.0.1706.9
MinimumVisualStudioVersion = 10.0.40219.1
Project("{FAE04EC0-301F-11D3-BF4B-00C04F79EFBC}") = "Add One Row to Tree", "Add One Row to Tree\Add One Row to Tree.csproj", "{247ACE5D-035F-43E1-AC9D-718150B43F0B}"
EndProject
Global
	GlobalSection(SolutionConfigurationPlatforms) = preSolution
		Debug|Any CPU = Debug|Any CPU
		Release|Any CPU = Release|Any CPU
	EndGlobalSection
	GlobalSection(ProjectConfigurationPlatforms) = postSolution
		{247ACE5D-035F-43E1-AC9D-718150B43F0B}.Debug|Any CPU.ActiveCfg = Debug|Any CPU
		{247ACE5D-035F-43E1-AC9D-718150B43F0B}.Debug|Any CPU.Build.0 = Debug|Any CPU
		{247ACE5D-035F-43E1-AC9D-718150B43F0B}.Release|Any CPU.ActiveCfg = Release|Any CPU
		{247ACE5D-035F-43E1-AC9D-718150B43F0B}.Release|Any CPU.Build.0 = Release|Any CPU
	EndGlobalSection
	GlobalSection(SolutionProperties) = preSolution
		HideSolutionNode = FALSE
	EndGlobalSection
	GlobalSection(ExtensibilityGlobals) = postSolution
		SolutionGuid = {68295D4B-F41E-4B79-B6D7-14D1E32BF723}
	EndGlobalSection
EndGlobal
