
Microsoft Visual Studio Solution File, Format Version 12.00
# Visual Studio Version 17
VisualStudioVersion = 17.7.34024.191
MinimumVisualStudioVersion = 10.0.40219.1
Project("{FAE04EC0-301F-11D3-BF4B-00C04F79EFBC}") = "Binary Tree Zigzag Level Order Traversal", "Binary Tree Zigzag Level Order Traversal\Binary Tree Zigzag Level Order Traversal.csproj", "{D20E8FAD-8F52-4545-8DB9-E8957108F203}"
EndProject
Global
	GlobalSection(SolutionConfigurationPlatforms) = preSolution
		Debug|Any CPU = Debug|Any CPU
		Release|Any CPU = Release|Any CPU
	EndGlobalSection
	GlobalSection(ProjectConfigurationPlatforms) = postSolution
		{D20E8FAD-8F52-4545-8DB9-E8957108F203}.Debug|Any CPU.ActiveCfg = Debug|Any CPU
		{D20E8FAD-8F52-4545-8DB9-E8957108F203}.Debug|Any CPU.Build.0 = Debug|Any CPU
		{D20E8FAD-8F52-4545-8DB9-E8957108F203}.Release|Any CPU.ActiveCfg = Release|Any CPU
		{D20E8FAD-8F52-4545-8DB9-E8957108F203}.Release|Any CPU.Build.0 = Release|Any CPU
	EndGlobalSection
	GlobalSection(SolutionProperties) = preSolution
		HideSolutionNode = FALSE
	EndGlobalSection
	GlobalSection(ExtensibilityGlobals) = postSolution
		SolutionGuid = {849516D4-CBEB-4864-802E-05958B4097BC}
	EndGlobalSection
EndGlobal
